
Microsoft Visual Studio Solution File, Format Version 12.00
# Visual Studio 14
VisualStudioVersion = 14.0.25123.0
MinimumVisualStudioVersion = 10.0.40219.1
Project("{FAE04EC0-301F-11D3-BF4B-00C04F79EFBC}") = "VirtualCashCard.Tests", "VirtualCashCard.Tests\VirtualCashCard.Tests.csproj", "{654B0A45-BCC9-444D-93B7-BC7F167AE1B6}"
EndProject
Project("{FAE04EC0-301F-11D3-BF4B-00C04F79EFBC}") = "VirtualCashCard", "VirtualCashCard\VirtualCashCard.csproj", "{817A19E0-95FC-4007-B1EE-6B73CB953DBB}"
EndProject
Global
	GlobalSection(SolutionConfigurationPlatforms) = preSolution
		Debug|Any CPU = Debug|Any CPU
		Release|Any CPU = Release|Any CPU
	EndGlobalSection
	GlobalSection(ProjectConfigurationPlatforms) = postSolution
		{654B0A45-BCC9-444D-93B7-BC7F167AE1B6}.Debug|Any CPU.ActiveCfg = Debug|Any CPU
		{654B0A45-BCC9-444D-93B7-BC7F167AE1B6}.Debug|Any CPU.Build.0 = Debug|Any CPU
		{654B0A45-BCC9-444D-93B7-BC7F167AE1B6}.Release|Any CPU.ActiveCfg = Release|Any CPU
		{654B0A45-BCC9-444D-93B7-BC7F167AE1B6}.Release|Any CPU.Build.0 = Release|Any CPU
		{817A19E0-95FC-4007-B1EE-6B73CB953DBB}.Debug|Any CPU.ActiveCfg = Debug|Any CPU
		{817A19E0-95FC-4007-B1EE-6B73CB953DBB}.Debug|Any CPU.Build.0 = Debug|Any CPU
		{817A19E0-95FC-4007-B1EE-6B73CB953DBB}.Release|Any CPU.ActiveCfg = Release|Any CPU
		{817A19E0-95FC-4007-B1EE-6B73CB953DBB}.Release|Any CPU.Build.0 = Release|Any CPU
	EndGlobalSection
	GlobalSection(SolutionProperties) = preSolution
		HideSolutionNode = FALSE
	EndGlobalSection
EndGlobal
